
Microsoft Visual Studio Solution File, Format Version 12.00
# Visual Studio 2013
VisualStudioVersion = 12.0.31101.0
MinimumVisualStudioVersion = 10.0.40219.1
Project("{FAE04EC0-301F-11D3-BF4B-00C04F79EFBC}") = "Lubl.Objects", "Objects/Lubl.Objects.csproj", "{4D836AF9-6582-4C64-9740-648400C44CBB}"
EndProject
Project("{FAE04EC0-301F-11D3-BF4B-00C04F79EFBC}") = "Lubl.ODataBackend", "ODataBackend/Lubl.ODataBackend.csproj", "{1BD2231F-0A01-4D18-8DC2-B9D98E8A872A}"
EndProject
Global
	GlobalSection(SolutionConfigurationPlatforms) = preSolution
Debug|Any CPU = Debug|Any CPU
Release|Any CPU = Release|Any CPU
	EndGlobalSection
	GlobalSection(ProjectConfigurationPlatforms) = postSolution
		{4D836AF9-6582-4C64-9740-648400C44CBB}.Debug|Any CPU.ActiveCfg = Debug|Any CPU
		{4D836AF9-6582-4C64-9740-648400C44CBB}.Debug|Any CPU.Build.0 = Debug|Any CPU
		{4D836AF9-6582-4C64-9740-648400C44CBB}.Release|Any CPU.ActiveCfg = Release|Any CPU
		{4D836AF9-6582-4C64-9740-648400C44CBB}.Release|Any CPU.Build.0 = Release|Any CPU
		{1BD2231F-0A01-4D18-8DC2-B9D98E8A872A}.Debug|Any CPU.ActiveCfg = Debug|Any CPU
		{1BD2231F-0A01-4D18-8DC2-B9D98E8A872A}.Debug|Any CPU.Build.0 = Debug|Any CPU
		{1BD2231F-0A01-4D18-8DC2-B9D98E8A872A}.Release|Any CPU.ActiveCfg = Release|Any CPU
		{1BD2231F-0A01-4D18-8DC2-B9D98E8A872A}.Release|Any CPU.Build.0 = Release|Any CPU
	EndGlobalSection
	GlobalSection(SolutionProperties) = preSolution
		HideSolutionNode = FALSE
	EndGlobalSection
EndGlobal
